
Microsoft Visual Studio Solution File, Format Version 12.00
# Visual Studio Version 17
VisualStudioVersion = 17.11.35327.3
MinimumVisualStudioVersion = 10.0.40219.1
Project("{FAE04EC0-301F-11D3-BF4B-00C04F79EFBC}") = "MauiAppHotel", "MauiAppHotel.csproj", "{4C2962E7-3BB9-420A-8811-3E10EFDA6E25}"
EndProject
Global
	GlobalSection(SolutionConfigurationPlatforms) = preSolution
		Debug|Any CPU = Debug|Any CPU
		Release|Any CPU = Release|Any CPU
	EndGlobalSection
	GlobalSection(ProjectConfigurationPlatforms) = postSolution
		{4C2962E7-3BB9-420A-8811-3E10EFDA6E25}.Debug|Any CPU.ActiveCfg = Debug|Any CPU
		{4C2962E7-3BB9-420A-8811-3E10EFDA6E25}.Debug|Any CPU.Build.0 = Debug|Any CPU
		{4C2962E7-3BB9-420A-8811-3E10EFDA6E25}.Debug|Any CPU.Deploy.0 = Debug|Any CPU
		{4C2962E7-3BB9-420A-8811-3E10EFDA6E25}.Release|Any CPU.ActiveCfg = Release|Any CPU
		{4C2962E7-3BB9-420A-8811-3E10EFDA6E25}.Release|Any CPU.Build.0 = Release|Any CPU
		{4C2962E7-3BB9-420A-8811-3E10EFDA6E25}.Release|Any CPU.Deploy.0 = Release|Any CPU
	EndGlobalSection
	GlobalSection(SolutionProperties) = preSolution
		HideSolutionNode = FALSE
	EndGlobalSection
	GlobalSection(ExtensibilityGlobals) = postSolution
		SolutionGuid = {D8BA682B-3168-4858-907F-ECB89F99380F}
	EndGlobalSection
EndGlobal
